Microsoft Visual Studio Solution File, Format Version 12.00
# Visual Studio Version 17
VisualStudioVersion = 17.5.2.0
MinimumVisualStudioVersion = 10.0.40219.1
Project("{FAE04EC0-301F-11D3-BF4B-00C04F79EFBC}") = "CSharpPracticeLinq", "CSharpPracticeLinq.csproj", "{2CB65AED-67C1-DCCD-DC78-768D3731F43E}"
EndProject
Global
	GlobalSection(SolutionConfigurationPlatforms) = preSolution
		Debug|Any CPU = Debug|Any CPU
		Release|Any CPU = Release|Any CPU
	EndGlobalSection
	GlobalSection(ProjectConfigurationPlatforms) = postSolution
		{2CB65AED-67C1-DCCD-DC78-768D3731F43E}.Debug|Any CPU.ActiveCfg = Debug|Any CPU
		{2CB65AED-67C1-DCCD-DC78-768D3731F43E}.Debug|Any CPU.Build.0 = Debug|Any CPU
		{2CB65AED-67C1-DCCD-DC78-768D3731F43E}.Release|Any CPU.ActiveCfg = Release|Any CPU
		{2CB65AED-67C1-DCCD-DC78-768D3731F43E}.Release|Any CPU.Build.0 = Release|Any CPU
	EndGlobalSection
	GlobalSection(SolutionProperties) = preSolution
		HideSolutionNode = FALSE
	EndGlobalSection
	GlobalSection(ExtensibilityGlobals) = postSolution
		SolutionGuid = {EB11545D-6ABB-48B4-9AC8-5423E7CC976F}
	EndGlobalSection
EndGlobal
